
Microsoft Visual Studio Solution File, Format Version 12.00
# Visual Studio Version 16
VisualStudioVersion = 16.0.29613.14
MinimumVisualStudioVersion = 10.0.40219.1
Project("{9A19103F-16F7-4668-BE54-9A1E7A4F7556}") = "MDK-Debug", "MDK-Debug\MDK-Debug.csproj", "{DED59CDE-040A-4E5B-8309-51D6437D5B6B}"
EndProject
Project("{930C7802-8A8C-48F9-8165-68863BCCD9DD}") = "MDK-Debug-Setup", "MDK-Debug-Setup\MDK-Debug-Setup.wixproj", "{25B060C9-B79C-4B77-ABE7-6109A79EF191}"
	ProjectSection(ProjectDependencies) = postProject
		{DED59CDE-040A-4E5B-8309-51D6437D5B6B} = {DED59CDE-040A-4E5B-8309-51D6437D5B6B}
	EndProjectSection
EndProject
Global
	GlobalSection(SolutionConfigurationPlatforms) = preSolution
		Debug|x64 = Debug|x64
		Debug|x86 = Debug|x86
		Release|x64 = Release|x64
		Release|x86 = Release|x86
	EndGlobalSection
	GlobalSection(ProjectConfigurationPlatforms) = postSolution
		{DED59CDE-040A-4E5B-8309-51D6437D5B6B}.Debug|x64.ActiveCfg = Debug|x64
		{DED59CDE-040A-4E5B-8309-51D6437D5B6B}.Debug|x64.Build.0 = Debug|x64
		{DED59CDE-040A-4E5B-8309-51D6437D5B6B}.Debug|x86.ActiveCfg = Debug|Any CPU
		{DED59CDE-040A-4E5B-8309-51D6437D5B6B}.Debug|x86.Build.0 = Debug|Any CPU
		{DED59CDE-040A-4E5B-8309-51D6437D5B6B}.Release|x64.ActiveCfg = Release|x64
		{DED59CDE-040A-4E5B-8309-51D6437D5B6B}.Release|x64.Build.0 = Release|x64
		{DED59CDE-040A-4E5B-8309-51D6437D5B6B}.Release|x86.ActiveCfg = Release|Any CPU
		{DED59CDE-040A-4E5B-8309-51D6437D5B6B}.Release|x86.Build.0 = Release|Any CPU
		{25B060C9-B79C-4B77-ABE7-6109A79EF191}.Debug|x64.ActiveCfg = Debug|x86
		{25B060C9-B79C-4B77-ABE7-6109A79EF191}.Debug|x86.ActiveCfg = Debug|x86
		{25B060C9-B79C-4B77-ABE7-6109A79EF191}.Debug|x86.Build.0 = Debug|x86
		{25B060C9-B79C-4B77-ABE7-6109A79EF191}.Release|x64.ActiveCfg = Release|x86
		{25B060C9-B79C-4B77-ABE7-6109A79EF191}.Release|x64.Build.0 = Release|x86
		{25B060C9-B79C-4B77-ABE7-6109A79EF191}.Release|x86.ActiveCfg = Release|x86
		{25B060C9-B79C-4B77-ABE7-6109A79EF191}.Release|x86.Build.0 = Release|x86
	EndGlobalSection
	GlobalSection(SolutionProperties) = preSolution
		HideSolutionNode = FALSE
	EndGlobalSection
	GlobalSection(ExtensibilityGlobals) = postSolution
		SolutionGuid = {C87DAE87-D0E1-42D8-AE6D-7B4397062195}
	EndGlobalSection
EndGlobal
